
Microsoft Visual Studio Solution File, Format Version 12.00
# Visual Studio Version 17
VisualStudioVersion = 17.14.36414.22 d17.14
MinimumVisualStudioVersion = 10.0.40219.1
Project("{FAE04EC0-301F-11D3-BF4B-00C04F79EFBC}") = "ADONet_ShareService", "ADONet_ShareService\ADONet_ShareService.csproj", "{5EF96CB8-16B0-4AC4-9ADD-C96A907652C3}"
EndProject
Project("{FAE04EC0-301F-11D3-BF4B-00C04F79EFBC}") = "ADONet.Shared", "ADONet.Shared\ADONet.Shared.csproj", "{65224C80-8AF5-4E65-9CA5-0DF1E003D16F}"
EndProject
Global
	GlobalSection(SolutionConfigurationPlatforms) = preSolution
		Debug|Any CPU = Debug|Any CPU
		Release|Any CPU = Release|Any CPU
	EndGlobalSection
	GlobalSection(ProjectConfigurationPlatforms) = postSolution
		{5EF96CB8-16B0-4AC4-9ADD-C96A907652C3}.Debug|Any CPU.ActiveCfg = Debug|Any CPU
		{5EF96CB8-16B0-4AC4-9ADD-C96A907652C3}.Debug|Any CPU.Build.0 = Debug|Any CPU
		{5EF96CB8-16B0-4AC4-9ADD-C96A907652C3}.Release|Any CPU.ActiveCfg = Release|Any CPU
		{5EF96CB8-16B0-4AC4-9ADD-C96A907652C3}.Release|Any CPU.Build.0 = Release|Any CPU
		{65224C80-8AF5-4E65-9CA5-0DF1E003D16F}.Debug|Any CPU.ActiveCfg = Debug|Any CPU
		{65224C80-8AF5-4E65-9CA5-0DF1E003D16F}.Debug|Any CPU.Build.0 = Debug|Any CPU
		{65224C80-8AF5-4E65-9CA5-0DF1E003D16F}.Release|Any CPU.ActiveCfg = Release|Any CPU
		{65224C80-8AF5-4E65-9CA5-0DF1E003D16F}.Release|Any CPU.Build.0 = Release|Any CPU
	EndGlobalSection
	GlobalSection(SolutionProperties) = preSolution
		HideSolutionNode = FALSE
	EndGlobalSection
	GlobalSection(ExtensibilityGlobals) = postSolution
		SolutionGuid = {D891ED71-18BC-4BB5-8B39-0D800E9E3A51}
	EndGlobalSection
EndGlobal
